<?xml version="1.0" encoding="utf-8"?>
<Project ToolsVersion="4.0" xmlns="http://schemas.microsoft.com/developer/msbuild/2003">
  <ItemGroup>
    <Filter Include="Source Files">
      <UniqueIdentifier>{4FC737F1-C7A5-4376-A066-2A32D752A2FF}</UniqueIdentifier>
      <Extensions>cpp;c;cc;cxx;def;odl;idl;hpj;bat;asm;asmx</Extensions>
    </Filter>
    <Filter Include="Header Files">
      <UniqueIdentifier>{93995380-89BD-4b04-88EB-625FBE52EBFB}</UniqueIdentifier>
      <Extensions>h;hpp;hxx;hm;inl;inc;xsd</Extensions>
    </Filter>
    <Filter Include="Resource Files">
      <UniqueIdentifier>{67DA6AB6-F800-4c08-8B7A-83BB121AAD01}</UniqueIdentifier>
      <Extensions>rc;ico;cur;bmp;dlg;rc2;rct;bin;rgs;gif;jpg;jpeg;jpe;resx;tiff;tif;png;wav;mfcribbon-ms</Extensions>
    </Filter>
    <Filter Include="Grammar">
      <UniqueIdentifier>{2c071e5c-1ddb-4a43-b3e2-1580313b06a0}</UniqueIdentifier>
    </Filter>
  </ItemGroup>
  <ItemGroup>
    <None Include="ReadMe.txt" />
    <None Include="app.ico">
      <Filter>Resource Files</Filter>
    </None>
    <None Include="..\mm\Message.cs">
      <Filter>Header Files</Filter>
    </None>
  </ItemGroup>
  <ItemGroup>
    <ResourceCompile Include="app.rc">
      <Filter>Resource Files</Filter>
    </ResourceCompile>
  </ItemGroup>
  <ItemGroup>
    <ClInclude Include="..\mm\YYLTYPE.h">
      <Filter>Header Files</Filter>
    </ClInclude>
    <ClInclude Include="..\mm\Vector.h">
      <Filter>Header Files</Filter>
    </ClInclude>
    <ClInclude Include="..\mm\VarExp.h">
      <Filter>Header Files</Filter>
    </ClInclude>
    <ClInclude Include="..\mm\ValExp.h">
      <Filter>Header Files</Filter>
    </ClInclude>
    <ClInclude Include="..\mm\UnExp.h">
      <Filter>Header Files</Filter>
    </ClInclude>
    <ClInclude Include="..\mm\Types.h">
      <Filter>Header Files</Filter>
    </ClInclude>
    <ClInclude Include="..\mm\TriggerExp.h">
      <Filter>Header Files</Filter>
    </ClInclude>
    <ClInclude Include="..\mm\Transition.h">
      <Filter>Header Files</Filter>
    </ClInclude>
    <ClInclude Include="..\mm\String.h">
      <Filter>Header Files</Filter>
    </ClInclude>
    <ClInclude Include="..\mm\StateEdge.h">
      <Filter>Header Files</Filter>
    </ClInclude>
    <ClInclude Include="..\mm\SourceNodeBehavior.h">
      <Filter>Header Files</Filter>
    </ClInclude>
    <ClInclude Include="..\mm\RefNodeBehavior.h">
      <Filter>Header Files</Filter>
    </ClInclude>
    <ClInclude Include="..\mm\Reflector.h">
      <Filter>Header Files</Filter>
    </ClInclude>
    <ClInclude Include="..\mm\Recycler.h">
      <Filter>Header Files</Filter>
    </ClInclude>
    <ClInclude Include="..\mm\Recyclable.h">
      <Filter>Header Files</Filter>
    </ClInclude>
    <ClInclude Include="..\mm\RangeValExp.h">
      <Filter>Header Files</Filter>
    </ClInclude>
    <ClInclude Include="..\mm\Program.h">
      <Filter>Header Files</Filter>
    </ClInclude>
    <ClInclude Include="..\mm\PoolNodeBehavior.h">
      <Filter>Header Files</Filter>
    </ClInclude>
    <ClInclude Include="..\mm\OverrideExp.h">
      <Filter>Header Files</Filter>
    </ClInclude>
    <ClInclude Include="..\mm\Operator.h">
      <Filter>Header Files</Filter>
    </ClInclude>
    <ClInclude Include="..\mm\OneExp.h">
      <Filter>Header Files</Filter>
    </ClInclude>
    <ClInclude Include="..\mm\Observer.h">
      <Filter>Header Files</Filter>
    </ClInclude>
    <ClInclude Include="..\mm\Observable.h">
      <Filter>Header Files</Filter>
    </ClInclude>
    <ClInclude Include="..\mm\NumberValExp.h">
      <Filter>Header Files</Filter>
    </ClInclude>
    <ClInclude Include="..\mm\NodeWorkItem.h">
      <Filter>Header Files</Filter>
    </ClInclude>
    <ClInclude Include="..\mm\NodeBehavior.h">
      <Filter>Header Files</Filter>
    </ClInclude>
    <ClInclude Include="..\mm\Node.h">
      <Filter>Header Files</Filter>
    </ClInclude>
    <ClInclude Include="..\mm\Name.h">
      <Filter>Header Files</Filter>
    </ClInclude>
    <ClInclude Include="..\mm\Modification.h">
      <Filter>Header Files</Filter>
    </ClInclude>
    <ClInclude Include="..\mm\mm.tab.hpp">
      <Filter>Header Files</Filter>
    </ClInclude>
    <ClInclude Include="..\mm\mm.h">
      <Filter>Header Files</Filter>
    </ClInclude>
    <ClInclude Include="..\mm\Map.h">
      <Filter>Header Files</Filter>
    </ClInclude>
    <ClInclude Include="..\mm\Machine.h">
      <Filter>Header Files</Filter>
    </ClInclude>
    <ClInclude Include="..\mm\Location.h">
      <Filter>Header Files</Filter>
    </ClInclude>
    <ClInclude Include="..\mm\InterfaceNode.h">
      <Filter>Header Files</Filter>
    </ClInclude>
    <ClInclude Include="..\mm\Instance.h">
      <Filter>Header Files</Filter>
    </ClInclude>
    <ClInclude Include="..\mm\GateNodeBehavior.h">
      <Filter>Header Files</Filter>
    </ClInclude>
    <ClInclude Include="..\mm\FlowEdge.h">
      <Filter>Header Files</Filter>
    </ClInclude>
    <ClInclude Include="..\mm\Exp.h">
      <Filter>Header Files</Filter>
    </ClInclude>
    <ClInclude Include="..\mm\Evaluator.h">
      <Filter>Header Files</Filter>
    </ClInclude>
    <ClInclude Include="..\mm\Element.h">
      <Filter>Header Files</Filter>
    </ClInclude>
    <ClInclude Include="..\mm\Edge.h">
      <Filter>Header Files</Filter>
    </ClInclude>
    <ClInclude Include="..\mm\DrainNodeBehavior.h">
      <Filter>Header Files</Filter>
    </ClInclude>
    <ClInclude Include="..\mm\DieExp.h">
      <Filter>Header Files</Filter>
    </ClInclude>
    <ClInclude Include="..\mm\Deletion.h">
      <Filter>Header Files</Filter>
    </ClInclude>
    <ClInclude Include="..\mm\Definition.h">
      <Filter>Header Files</Filter>
    </ClInclude>
    <ClInclude Include="..\mm\Declaration.h">
      <Filter>Header Files</Filter>
    </ClInclude>
    <ClInclude Include="..\mm\ConverterNodeBehavior.h">
      <Filter>Header Files</Filter>
    </ClInclude>
    <ClInclude Include="..\mm\BooleanValExp.h">
      <Filter>Header Files</Filter>
    </ClInclude>
    <ClInclude Include="..\mm\BinExp.h">
      <Filter>Header Files</Filter>
    </ClInclude>
    <ClInclude Include="..\mm\Assertion.h">
      <Filter>Header Files</Filter>
    </ClInclude>
    <ClInclude Include="..\mm\AllExp.h">
      <Filter>Header Files</Filter>
    </ClInclude>
    <ClInclude Include="..\mm\AliasExp.h">
      <Filter>Header Files</Filter>
    </ClInclude>
    <ClInclude Include="..\mm\ActiveExp.h">
      <Filter>Header Files</Filter>
    </ClInclude>
    <ClInclude Include="..\mm\Activation.h">
      <Filter>Header Files</Filter>
    </ClInclude>
    <ClInclude Include="LibMM.h">
      <Filter>Header Files</Filter>
    </ClInclude>
    <ClInclude Include="resource.h">
      <Filter>Header Files</Filter>
    </ClInclude>
    <ClInclude Include="Stdafx.h">
      <Filter>Header Files</Filter>
    </ClInclude>
    <ClInclude Include="..\mm\FlowEvent.h">
      <Filter>Header Files</Filter>
    </ClInclude>
    <ClInclude Include="..\mm\Disablement.h">
      <Filter>Header Files</Filter>
    </ClInclude>
    <ClInclude Include="..\mm\Failure.h">
      <Filter>Header Files</Filter>
    </ClInclude>
    <ClInclude Include="..\mm\Prevention.h">
      <Filter>Header Files</Filter>
    </ClInclude>
    <ClInclude Include="..\mm\TriggerEvent.h">
      <Filter>Header Files</Filter>
    </ClInclude>
    <ClInclude Include="..\mm\Violation.h">
      <Filter>Header Files</Filter>
    </ClInclude>
    <ClInclude Include="..\mm\Event.h">
      <Filter>Header Files</Filter>
    </ClInclude>
    <ClInclude Include="..\mm\Transformation.h">
      <Filter>Header Files</Filter>
    </ClInclude>
    <ClInclude Include="..\mm\Enablement.h">
      <Filter>Header Files</Filter>
    </ClInclude>
  </ItemGroup>
  <ItemGroup>
    <ClCompile Include="..\mm\VarExp.cpp">
      <Filter>Source Files</Filter>
    </ClCompile>
    <ClCompile Include="..\mm\ValExp.cpp">
      <Filter>Source Files</Filter>
    </ClCompile>
    <ClCompile Include="..\mm\UnExp.cpp">
      <Filter>Source Files</Filter>
    </ClCompile>
    <ClCompile Include="..\mm\TriggerExp.cpp">
      <Filter>Source Files</Filter>
    </ClCompile>
    <ClCompile Include="..\mm\Transition.cpp">
      <Filter>Source Files</Filter>
    </ClCompile>
    <ClCompile Include="..\mm\Transformation.cpp">
      <Filter>Source Files</Filter>
    </ClCompile>
    <ClCompile Include="..\mm\String.cpp">
      <Filter>Source Files</Filter>
    </ClCompile>
    <ClCompile Include="..\mm\StateEdge.cpp">
      <Filter>Source Files</Filter>
    </ClCompile>
    <ClCompile Include="..\mm\SourceNodeBehavior.cpp">
      <Filter>Source Files</Filter>
    </ClCompile>
    <ClCompile Include="..\mm\RefNodeBehavior.cpp">
      <Filter>Source Files</Filter>
    </ClCompile>
    <ClCompile Include="..\mm\Reflector.cpp">
      <Filter>Source Files</Filter>
    </ClCompile>
    <ClCompile Include="..\mm\Recycler.cpp">
      <Filter>Source Files</Filter>
    </ClCompile>
    <ClCompile Include="..\mm\Recyclable.cpp">
      <Filter>Source Files</Filter>
    </ClCompile>
    <ClCompile Include="..\mm\RangeValExp.cpp">
      <Filter>Source Files</Filter>
    </ClCompile>
    <ClCompile Include="..\mm\Program.cpp">
      <Filter>Source Files</Filter>
    </ClCompile>
    <ClCompile Include="..\mm\PoolNodeBehavior.cpp">
      <Filter>Source Files</Filter>
    </ClCompile>
    <ClCompile Include="..\mm\OverrideExp.cpp">
      <Filter>Source Files</Filter>
    </ClCompile>
    <ClCompile Include="..\mm\Operator.cpp">
      <Filter>Source Files</Filter>
    </ClCompile>
    <ClCompile Include="..\mm\OneExp.cpp">
      <Filter>Source Files</Filter>
    </ClCompile>
    <ClCompile Include="..\mm\Observer.cpp">
      <Filter>Source Files</Filter>
    </ClCompile>
    <ClCompile Include="..\mm\Observable.cpp">
      <Filter>Source Files</Filter>
    </ClCompile>
    <ClCompile Include="..\mm\NumberValExp.cpp">
      <Filter>Source Files</Filter>
    </ClCompile>
    <ClCompile Include="..\mm\NodeWorkItem.cpp">
      <Filter>Source Files</Filter>
    </ClCompile>
    <ClCompile Include="..\mm\NodeBehavior.cpp">
      <Filter>Source Files</Filter>
    </ClCompile>
    <ClCompile Include="..\mm\Node.cpp">
      <Filter>Source Files</Filter>
    </ClCompile>
    <ClCompile Include="..\mm\Name.cpp">
      <Filter>Source Files</Filter>
    </ClCompile>
    <ClCompile Include="..\mm\Modification.cpp">
      <Filter>Source Files</Filter>
    </ClCompile>
    <ClCompile Include="..\mm\mm.tab.cpp">
      <Filter>Source Files</Filter>
    </ClCompile>
    <ClCompile Include="..\mm\Machine.cpp">
      <Filter>Source Files</Filter>
    </ClCompile>
    <ClCompile Include="..\mm\Location.cpp">
      <Filter>Source Files</Filter>
    </ClCompile>
    <ClCompile Include="..\mm\lex.mm.cpp">
      <Filter>Source Files</Filter>
    </ClCompile>
    <ClCompile Include="..\mm\InterfaceNode.cpp">
      <Filter>Source Files</Filter>
    </ClCompile>
    <ClCompile Include="..\mm\Instance.cpp">
      <Filter>Source Files</Filter>
    </ClCompile>
    <ClCompile Include="..\mm\GateNodeBehavior.cpp">
      <Filter>Source Files</Filter>
    </ClCompile>
    <ClCompile Include="..\mm\FlowEvent.cpp">
      <Filter>Source Files</Filter>
    </ClCompile>
    <ClCompile Include="..\mm\FlowEdge.cpp">
      <Filter>Source Files</Filter>
    </ClCompile>
    <ClCompile Include="..\mm\Exp.cpp">
      <Filter>Source Files</Filter>
    </ClCompile>
    <ClCompile Include="..\mm\Evaluator.cpp">
      <Filter>Source Files</Filter>
    </ClCompile>
    <ClCompile Include="..\mm\Element.cpp">
      <Filter>Source Files</Filter>
    </ClCompile>
    <ClCompile Include="..\mm\Edge.cpp">
      <Filter>Source Files</Filter>
    </ClCompile>
    <ClCompile Include="..\mm\DrainNodeBehavior.cpp">
      <Filter>Source Files</Filter>
    </ClCompile>
    <ClCompile Include="..\mm\DieExp.cpp">
      <Filter>Source Files</Filter>
    </ClCompile>
    <ClCompile Include="..\mm\Deletion.cpp">
      <Filter>Source Files</Filter>
    </ClCompile>
    <ClCompile Include="..\mm\Definition.cpp">
      <Filter>Source Files</Filter>
    </ClCompile>
    <ClCompile Include="..\mm\Declaration.cpp">
      <Filter>Source Files</Filter>
    </ClCompile>
    <ClCompile Include="..\mm\ConverterNodeBehavior.cpp">
      <Filter>Source Files</Filter>
    </ClCompile>
    <ClCompile Include="..\mm\BooleanValExp.cpp">
      <Filter>Source Files</Filter>
    </ClCompile>
    <ClCompile Include="..\mm\BinExp.cpp">
      <Filter>Source Files</Filter>
    </ClCompile>
    <ClCompile Include="..\mm\Assertion.cpp">
      <Filter>Source Files</Filter>
    </ClCompile>
    <ClCompile Include="..\mm\AllExp.cpp">
      <Filter>Source Files</Filter>
    </ClCompile>
    <ClCompile Include="..\mm\AliasExp.cpp">
      <Filter>Source Files</Filter>
    </ClCompile>
    <ClCompile Include="..\mm\ActiveExp.cpp">
      <Filter>Source Files</Filter>
    </ClCompile>
    <ClCompile Include="..\mm\Activation.cpp">
      <Filter>Source Files</Filter>
    </ClCompile>
    <ClCompile Include="AssemblyInfo.cpp">
      <Filter>Source Files</Filter>
    </ClCompile>
    <ClCompile Include="LibMM.cpp">
      <Filter>Source Files</Filter>
    </ClCompile>
    <ClCompile Include="Stdafx.cpp">
      <Filter>Source Files</Filter>
    </ClCompile>
    <ClCompile Include="..\mm\Disablement.cpp">
      <Filter>Source Files</Filter>
    </ClCompile>
    <ClCompile Include="..\mm\Failure.cpp">
      <Filter>Source Files</Filter>
    </ClCompile>
    <ClCompile Include="..\mm\Violation.cpp">
      <Filter>Source Files</Filter>
    </ClCompile>
    <ClCompile Include="..\mm\Event.cpp">
      <Filter>Source Files</Filter>
    </ClCompile>
    <ClCompile Include="..\mm\Prevention.cpp">
      <Filter>Source Files</Filter>
    </ClCompile>
    <ClCompile Include="..\mm\TriggerEvent.cpp">
      <Filter>Source Files</Filter>
    </ClCompile>
    <ClCompile Include="..\mm\Enablement.cpp">
      <Filter>Source Files</Filter>
    </ClCompile>
  </ItemGroup>
  <ItemGroup>
    <BisonParser Include="..\mm\mm.ypp">
      <Filter>Grammar</Filter>
    </BisonParser>
  </ItemGroup>
  <ItemGroup>
    <FlexGenerator Include="..\mm\mm.lpp">
      <Filter>Grammar</Filter>
    </FlexGenerator>
  </ItemGroup>
</Project>