// !$*UTF8*$!
{
	archiveVersion = 1;
	classes = {
	};
	objectVersion = 46;
	objects = {

/* Begin PBXBuildFile section */
		6612C419180ECDD2004B715A /* Program.cpp in Sources */ = {isa = PBXBuildFile; fileRef = 6612C417180ECDD2004B715A /* Program.cpp */; };
		6612C41C180ED9FF004B715A /* Signal.cpp in Sources */ = {isa = PBXBuildFile; fileRef = 6612C41A180ED9FD004B715A /* Signal.cpp */; };
		6612C41F180F2E1A004B715A /* GateNodeBehavior.cpp in Sources */ = {isa = PBXBuildFile; fileRef = 6612C41D180F2E15004B715A /* GateNodeBehavior.cpp */; };
		6638123C17F4577800F540BA /* Observable.cpp in Sources */ = {isa = PBXBuildFile; fileRef = 6638123A17F4577200F540BA /* Observable.cpp */; };
		6638123F17F4583800F540BA /* Observer.cpp in Sources */ = {isa = PBXBuildFile; fileRef = 6638123D17F4583200F540BA /* Observer.cpp */; };
		6638124417F4745400F540BA /* Evaluator.cpp in Sources */ = {isa = PBXBuildFile; fileRef = 6638124217F4744D00F540BA /* Evaluator.cpp */; };
		6638125F17F8848400F540BA /* Reflector.cpp in Sources */ = {isa = PBXBuildFile; fileRef = 6638125D17F8847B00F540BA /* Reflector.cpp */; };
		6638126217F8889700F540BA /* Deletion.cpp in Sources */ = {isa = PBXBuildFile; fileRef = 6638126017F8889100F540BA /* Deletion.cpp */; };
		6690CC091896BCC200193E32 /* NodeWorkItem.cpp in Sources */ = {isa = PBXBuildFile; fileRef = 6690CC071896BCBF00193E32 /* NodeWorkItem.cpp */; };
		6690CC0E189A63D200193E32 /* FlowEvent.cpp in Sources */ = {isa = PBXBuildFile; fileRef = 6690CC0C189A63CA00193E32 /* FlowEvent.cpp */; };
		6692E47617E092C00017C9A7 /* Instance.cpp in Sources */ = {isa = PBXBuildFile; fileRef = 6692E47417E092BF0017C9A7 /* Instance.cpp */; };
		66A16C7C179E80FA00E81D49 /* Declaration.cpp in Sources */ = {isa = PBXBuildFile; fileRef = 66A16C7A179E80FA00E81D49 /* Declaration.cpp */; };
		66A71227178D5CC400F71DC0 /* PoolNodeBehavior.cpp in Sources */ = {isa = PBXBuildFile; fileRef = 66A71225178D5CC400F71DC0 /* PoolNodeBehavior.cpp */; };
		66A7122A178D65DB00F71DC0 /* Edge.cpp in Sources */ = {isa = PBXBuildFile; fileRef = 66A71228178D65DB00F71DC0 /* Edge.cpp */; };
		66A7122D178D73B800F71DC0 /* Node.cpp in Sources */ = {isa = PBXBuildFile; fileRef = 66A7122B178D73B800F71DC0 /* Node.cpp */; };
		66A71230178D848400F71DC0 /* Element.cpp in Sources */ = {isa = PBXBuildFile; fileRef = 66A7122E178D848300F71DC0 /* Element.cpp */; };
		66A71236178D8F6A00F71DC0 /* Transition.cpp in Sources */ = {isa = PBXBuildFile; fileRef = 66A71234178D8F6A00F71DC0 /* Transition.cpp */; };
		66A71249178DDE4700F71DC0 /* String.cpp in Sources */ = {isa = PBXBuildFile; fileRef = 66A71247178DDE4700F71DC0 /* String.cpp */; };
		66A7124C178EADB700F71DC0 /* Exp.cpp in Sources */ = {isa = PBXBuildFile; fileRef = 66A7124A178EADB600F71DC0 /* Exp.cpp */; };
		66A71255178EF92F00F71DC0 /* FlowEdge.cpp in Sources */ = {isa = PBXBuildFile; fileRef = 66A71253178EF92F00F71DC0 /* FlowEdge.cpp */; };
		66A71258178EFA3A00F71DC0 /* StateEdge.cpp in Sources */ = {isa = PBXBuildFile; fileRef = 66A71256178EFA3900F71DC0 /* StateEdge.cpp */; };
		66A7125B178EFAFE00F71DC0 /* DrainNodeBehavior.cpp in Sources */ = {isa = PBXBuildFile; fileRef = 66A71259178EFAFD00F71DC0 /* DrainNodeBehavior.cpp */; };
		66A7125E178EFB1900F71DC0 /* SourceNodeBehavior.cpp in Sources */ = {isa = PBXBuildFile; fileRef = 66A7125C178EFB1800F71DC0 /* SourceNodeBehavior.cpp */; };
		66D87C8817955D5900E9022C /* Machine.cpp in Sources */ = {isa = PBXBuildFile; fileRef = 66D87C8617955D5800E9022C /* Machine.cpp */; };
		66D87C8B179829D800E9022C /* BinExp.cpp in Sources */ = {isa = PBXBuildFile; fileRef = 66D87C89179829D700E9022C /* BinExp.cpp */; };
		66D87C9D17992D3600E9022C /* ValExp.cpp in Sources */ = {isa = PBXBuildFile; fileRef = 66D87C9B17992D2700E9022C /* ValExp.cpp */; };
		66D87CA01799426D00E9022C /* UnExp.cpp in Sources */ = {isa = PBXBuildFile; fileRef = 66D87C9E1799426B00E9022C /* UnExp.cpp */; };
		66D87CAC17998B8800E9022C /* VarExp.cpp in Sources */ = {isa = PBXBuildFile; fileRef = 66D87CAA17998B8600E9022C /* VarExp.cpp */; };
		66D87CAF17998B9700E9022C /* BooleanValExp.cpp in Sources */ = {isa = PBXBuildFile; fileRef = 66D87CAD17998B9600E9022C /* BooleanValExp.cpp */; };
		66D87CB217998BDD00E9022C /* NumberValExp.cpp in Sources */ = {isa = PBXBuildFile; fileRef = 66D87CB017998BDB00E9022C /* NumberValExp.cpp */; };
		66D87CB517998C1800E9022C /* AllExp.cpp in Sources */ = {isa = PBXBuildFile; fileRef = 66D87CB317998C1600E9022C /* AllExp.cpp */; };
		66D87CB817998E1900E9022C /* RangeValExp.cpp in Sources */ = {isa = PBXBuildFile; fileRef = 66D87CB617998E1600E9022C /* RangeValExp.cpp */; };
		66D87CBB179B1F7200E9022C /* TriggerExp.cpp in Sources */ = {isa = PBXBuildFile; fileRef = 66D87CB9179B1F7000E9022C /* TriggerExp.cpp */; };
		66D87CBE179B1F8E00E9022C /* AliasExp.cpp in Sources */ = {isa = PBXBuildFile; fileRef = 66D87CBC179B1F8B00E9022C /* AliasExp.cpp */; };
		66D87CC1179B21F200E9022C /* OneExp.cpp in Sources */ = {isa = PBXBuildFile; fileRef = 66D87CBF179B21EE00E9022C /* OneExp.cpp */; };
		66D87CC4179B22B200E9022C /* DieExp.cpp in Sources */ = {isa = PBXBuildFile; fileRef = 66D87CC2179B22AF00E9022C /* DieExp.cpp */; };
		66D87CC7179B247600E9022C /* OverrideExp.cpp in Sources */ = {isa = PBXBuildFile; fileRef = 66D87CC5179B247400E9022C /* OverrideExp.cpp */; };
		66D87CCA179BD53800E9022C /* ActiveExp.cpp in Sources */ = {isa = PBXBuildFile; fileRef = 66D87CC8179BD53500E9022C /* ActiveExp.cpp */; };
		66D87CCD179C17A700E9022C /* Definition.cpp in Sources */ = {isa = PBXBuildFile; fileRef = 66D87CCB179C17A400E9022C /* Definition.cpp */; };
		66DD53F3183EA53600CBF698 /* ConverterNodeBehavior.cpp in Sources */ = {isa = PBXBuildFile; fileRef = 66DD53F1183EA53500CBF698 /* ConverterNodeBehavior.cpp */; };
		66DD53F7183FCC9B00CBF698 /* Activation.cpp in Sources */ = {isa = PBXBuildFile; fileRef = 66DD53F5183FCC9900CBF698 /* Activation.cpp */; };
		66E0733516E747B000C65EE9 /* mm.1 in CopyFiles */ = {isa = PBXBuildFile; fileRef = 66E0733416E747B000C65EE9 /* mm.1 */; };
		66E751D318043AB8004389C6 /* InterfaceNode.cpp in Sources */ = {isa = PBXBuildFile; fileRef = 66E751D118043AB8004389C6 /* InterfaceNode.cpp */; };
		66E751D91805D9E9004389C6 /* NodeBehavior.cpp in Sources */ = {isa = PBXBuildFile; fileRef = 66E751D71805D9E9004389C6 /* NodeBehavior.cpp */; };
		66E751E0180ECB7C004389C6 /* Transformation.cpp in Sources */ = {isa = PBXBuildFile; fileRef = 66E751DE180ECB61004389C6 /* Transformation.cpp */; };
		66E751E3180ECBF6004389C6 /* Modification.cpp in Sources */ = {isa = PBXBuildFile; fileRef = 66E751E1180ECBDD004389C6 /* Modification.cpp */; };
		66F86F3717A6AC280035874C /* mm.lpp in Sources */ = {isa = PBXBuildFile; fileRef = 66F86F3517A6AC280035874C /* mm.lpp */; };
		66F86F3917A6AEE60035874C /* mm.ypp in Sources */ = {isa = PBXBuildFile; fileRef = 66F86F3617A6AC280035874C /* mm.ypp */; };
		66F86F3F17A70A010035874C /* Assertion.cpp in Sources */ = {isa = PBXBuildFile; fileRef = 66F86F3D17A70A000035874C /* Assertion.cpp */; };
		66F86F4217AAAA230035874C /* Recyclable.cpp in Sources */ = {isa = PBXBuildFile; fileRef = 66F86F4017AAAA210035874C /* Recyclable.cpp */; };
		66F86F4517AAAC3B0035874C /* Recycler.cpp in Sources */ = {isa = PBXBuildFile; fileRef = 66F86F4317AAAC390035874C /* Recycler.cpp */; };
		66FB84FB17A415D6005F2392 /* Location.cpp in Sources */ = {isa = PBXBuildFile; fileRef = 66FB84F917A415D5005F2392 /* Location.cpp */; };
		66FB84FE17A4419B005F2392 /* Operator.cpp in Sources */ = {isa = PBXBuildFile; fileRef = 66FB84FC17A44199005F2392 /* Operator.cpp */; };
		66FB850117A445E4005F2392 /* Name.cpp in Sources */ = {isa = PBXBuildFile; fileRef = 66FB84FF17A445E1005F2392 /* Name.cpp */; };
		66FB850417A48471005F2392 /* RefNodeBehavior.cpp in Sources */ = {isa = PBXBuildFile; fileRef = 66FB850217A48466005F2392 /* RefNodeBehavior.cpp */; };
/* End PBXBuildFile section */

/* Begin PBXCopyFilesBuildPhase section */
		66E0732D16E747B000C65EE9 /* CopyFiles */ = {
			isa = PBXCopyFilesBuildPhase;
			buildActionMask = 2147483647;
			dstPath = /usr/share/man/man1/;
			dstSubfolderSpec = 0;
			files = (
				66E0733516E747B000C65EE9 /* mm.1 in CopyFiles */,
			);
			runOnlyForDeploymentPostprocessing = 1;
		};
/* End PBXCopyFilesBuildPhase section */

/* Begin PBXFileReference section */
		6612C417180ECDD2004B715A /* Program.cpp */ = {isa = PBXFileReference; fileEncoding = 4; lastKnownFileType = sourcecode.cpp.cpp; path = Program.cpp; sourceTree = "<group>"; };
		6612C418180ECDD2004B715A /* Program.h */ = {isa = PBXFileReference; fileEncoding = 4; lastKnownFileType = sourcecode.c.h; path = Program.h; sourceTree = "<group>"; };
		6612C41A180ED9FD004B715A /* Signal.cpp */ = {isa = PBXFileReference; fileEncoding = 4; lastKnownFileType = sourcecode.cpp.cpp; path = Signal.cpp; sourceTree = "<group>"; };
		6612C41B180ED9FE004B715A /* Signal.h */ = {isa = PBXFileReference; fileEncoding = 4; lastKnownFileType = sourcecode.c.h; path = Signal.h; sourceTree = "<group>"; };
		6612C41D180F2E15004B715A /* GateNodeBehavior.cpp */ = {isa = PBXFileReference; fileEncoding = 4; lastKnownFileType = sourcecode.cpp.cpp; path = GateNodeBehavior.cpp; sourceTree = "<group>"; };
		6612C41E180F2E17004B715A /* GateNodeBehavior.h */ = {isa = PBXFileReference; fileEncoding = 4; lastKnownFileType = sourcecode.c.h; path = GateNodeBehavior.h; sourceTree = "<group>"; };
		6638123A17F4577200F540BA /* Observable.cpp */ = {isa = PBXFileReference; fileEncoding = 4; lastKnownFileType = sourcecode.cpp.cpp; path = Observable.cpp; sourceTree = "<group>"; };
		6638123B17F4577500F540BA /* Observable.h */ = {isa = PBXFileReference; fileEncoding = 4; lastKnownFileType = sourcecode.c.h; path = Observable.h; sourceTree = "<group>"; };
		6638123D17F4583200F540BA /* Observer.cpp */ = {isa = PBXFileReference; fileEncoding = 4; lastKnownFileType = sourcecode.cpp.cpp; path = Observer.cpp; sourceTree = "<group>"; };
		6638123E17F4583500F540BA /* Observer.h */ = {isa = PBXFileReference; fileEncoding = 4; lastKnownFileType = sourcecode.c.h; path = Observer.h; sourceTree = "<group>"; };
		6638124217F4744D00F540BA /* Evaluator.cpp */ = {isa = PBXFileReference; fileEncoding = 4; lastKnownFileType = sourcecode.cpp.cpp; path = Evaluator.cpp; sourceTree = "<group>"; };
		6638124317F4745000F540BA /* Evaluator.h */ = {isa = PBXFileReference; fileEncoding = 4; lastKnownFileType = sourcecode.c.h; path = Evaluator.h; sourceTree = "<group>"; };
		6638125D17F8847B00F540BA /* Reflector.cpp */ = {isa = PBXFileReference; fileEncoding = 4; lastKnownFileType = sourcecode.cpp.cpp; path = Reflector.cpp; sourceTree = "<group>"; };
		6638125E17F8848000F540BA /* Reflector.h */ = {isa = PBXFileReference; fileEncoding = 4; lastKnownFileType = sourcecode.c.h; path = Reflector.h; sourceTree = "<group>"; };
		6638126017F8889100F540BA /* Deletion.cpp */ = {isa = PBXFileReference; fileEncoding = 4; lastKnownFileType = sourcecode.cpp.cpp; path = Deletion.cpp; sourceTree = "<group>"; };
		6638126117F8889300F540BA /* Deletion.h */ = {isa = PBXFileReference; fileEncoding = 4; lastKnownFileType = sourcecode.c.h; path = Deletion.h; sourceTree = "<group>"; };
		6690CC03188C2AE000193E32 /* test3 */ = {isa = PBXFileReference; fileEncoding = 4; lastKnownFileType = text; path = test3; sourceTree = "<group>"; };
		6690CC071896BCBF00193E32 /* NodeWorkItem.cpp */ = {isa = PBXFileReference; fileEncoding = 4; lastKnownFileType = sourcecode.cpp.cpp; path = NodeWorkItem.cpp; sourceTree = "<group>"; };
		6690CC081896BCC000193E32 /* NodeWorkItem.h */ = {isa = PBXFileReference; fileEncoding = 4; lastKnownFileType = sourcecode.c.h; path = NodeWorkItem.h; sourceTree = "<group>"; };
		6690CC0A1899321500193E32 /* test_self */ = {isa = PBXFileReference; fileEncoding = 4; lastKnownFileType = text; path = test_self; sourceTree = "<group>"; };
		6690CC0B189932AD00193E32 /* test_converter */ = {isa = PBXFileReference; fileEncoding = 4; lastKnownFileType = text; path = test_converter; sourceTree = "<group>"; };
		6690CC0C189A63CA00193E32 /* FlowEvent.cpp */ = {isa = PBXFileReference; fileEncoding = 4; lastKnownFileType = sourcecode.cpp.cpp; path = FlowEvent.cpp; sourceTree = "<group>"; };
		6690CC0D189A63CE00193E32 /* FlowEvent.h */ = {isa = PBXFileReference; fileEncoding = 4; lastKnownFileType = sourcecode.c.h; path = FlowEvent.h; sourceTree = "<group>"; };
		6690CC0F189A9C3F00193E32 /* test_instance */ = {isa = PBXFileReference; fileEncoding = 4; lastKnownFileType = text; path = test_instance; sourceTree = "<group>"; };
		6690CC10189B927300193E32 /* adaptower */ = {isa = PBXFileReference; fileEncoding = 4; lastKnownFileType = text; path = adaptower; sourceTree = "<group>"; };
		6690CC11189BA56200193E32 /* tribbles */ = {isa = PBXFileReference; fileEncoding = 4; lastKnownFileType = text; path = tribbles; sourceTree = "<group>"; };
		6690F73317F06979001EDFC8 /* mm.h */ = {isa = PBXFileReference; lastKnownFileType = sourcecode.c.h; path = mm.h; sourceTree = "<group>"; };
		6692E47417E092BF0017C9A7 /* Instance.cpp */ = {isa = PBXFileReference; fileEncoding = 4; lastKnownFileType = sourcecode.cpp.cpp; path = Instance.cpp; sourceTree = "<group>"; };
		6692E47517E092C00017C9A7 /* Instance.h */ = {isa = PBXFileReference; fileEncoding = 4; lastKnownFileType = sourcecode.c.h; path = Instance.h; sourceTree = "<group>"; };
		66A16C7A179E80FA00E81D49 /* Declaration.cpp */ = {isa = PBXFileReference; fileEncoding = 4; lastKnownFileType = sourcecode.cpp.cpp; path = Declaration.cpp; sourceTree = "<group>"; };
		66A16C7B179E80FA00E81D49 /* Declaration.h */ = {isa = PBXFileReference; fileEncoding = 4; lastKnownFileType = sourcecode.c.h; path = Declaration.h; sourceTree = "<group>"; };
		66A38A3317EA021D006055FA /* Vector.h */ = {isa = PBXFileReference; lastKnownFileType = sourcecode.c.h; path = Vector.h; sourceTree = "<group>"; };
		66A71225178D5CC400F71DC0 /* PoolNodeBehavior.cpp */ = {isa = PBXFileReference; fileEncoding = 4; lastKnownFileType = sourcecode.cpp.cpp; path = PoolNodeBehavior.cpp; sourceTree = "<group>"; };
		66A71226178D5CC400F71DC0 /* PoolNodeBehavior.h */ = {isa = PBXFileReference; fileEncoding = 4; lastKnownFileType = sourcecode.c.h; path = PoolNodeBehavior.h; sourceTree = "<group>"; };
		66A71228178D65DB00F71DC0 /* Edge.cpp */ = {isa = PBXFileReference; fileEncoding = 4; lastKnownFileType = sourcecode.cpp.cpp; path = Edge.cpp; sourceTree = "<group>"; };
		66A71229178D65DB00F71DC0 /* Edge.h */ = {isa = PBXFileReference; fileEncoding = 4; lastKnownFileType = sourcecode.c.h; path = Edge.h; sourceTree = "<group>"; };
		66A7122B178D73B800F71DC0 /* Node.cpp */ = {isa = PBXFileReference; fileEncoding = 4; lastKnownFileType = sourcecode.cpp.cpp; path = Node.cpp; sourceTree = "<group>"; };
		66A7122C178D73B800F71DC0 /* Node.h */ = {isa = PBXFileReference; fileEncoding = 4; lastKnownFileType = sourcecode.c.h; path = Node.h; sourceTree = "<group>"; };
		66A7122E178D848300F71DC0 /* Element.cpp */ = {isa = PBXFileReference; fileEncoding = 4; lastKnownFileType = sourcecode.cpp.cpp; path = Element.cpp; sourceTree = "<group>"; };
		66A7122F178D848300F71DC0 /* Element.h */ = {isa = PBXFileReference; fileEncoding = 4; lastKnownFileType = sourcecode.c.h; path = Element.h; sourceTree = "<group>"; };
		66A71234178D8F6A00F71DC0 /* Transition.cpp */ = {isa = PBXFileReference; fileEncoding = 4; lastKnownFileType = sourcecode.cpp.cpp; path = Transition.cpp; sourceTree = "<group>"; };
		66A71235178D8F6A00F71DC0 /* Transition.h */ = {isa = PBXFileReference; fileEncoding = 4; lastKnownFileType = sourcecode.c.h; path = Transition.h; sourceTree = "<group>"; };
		66A71243178DA93A00F71DC0 /* Types.h */ = {isa = PBXFileReference; lastKnownFileType = sourcecode.c.h; path = Types.h; sourceTree = "<group>"; };
		66A71247178DDE4700F71DC0 /* String.cpp */ = {isa = PBXFileReference; fileEncoding = 4; lastKnownFileType = sourcecode.cpp.cpp; path = String.cpp; sourceTree = "<group>"; };
		66A71248178DDE4700F71DC0 /* String.h */ = {isa = PBXFileReference; fileEncoding = 4; lastKnownFileType = sourcecode.c.h; path = String.h; sourceTree = "<group>"; };
		66A7124A178EADB600F71DC0 /* Exp.cpp */ = {isa = PBXFileReference; fileEncoding = 4; lastKnownFileType = sourcecode.cpp.cpp; path = Exp.cpp; sourceTree = "<group>"; };
		66A7124B178EADB700F71DC0 /* Exp.h */ = {isa = PBXFileReference; fileEncoding = 4; lastKnownFileType = sourcecode.c.h; path = Exp.h; sourceTree = "<group>"; };
		66A71253178EF92F00F71DC0 /* FlowEdge.cpp */ = {isa = PBXFileReference; fileEncoding = 4; lastKnownFileType = sourcecode.cpp.cpp; path = FlowEdge.cpp; sourceTree = "<group>"; };
		66A71254178EF92F00F71DC0 /* FlowEdge.h */ = {isa = PBXFileReference; fileEncoding = 4; lastKnownFileType = sourcecode.c.h; path = FlowEdge.h; sourceTree = "<group>"; };
		66A71256178EFA3900F71DC0 /* StateEdge.cpp */ = {isa = PBXFileReference; fileEncoding = 4; lastKnownFileType = sourcecode.cpp.cpp; path = StateEdge.cpp; sourceTree = "<group>"; };
		66A71257178EFA3A00F71DC0 /* StateEdge.h */ = {isa = PBXFileReference; fileEncoding = 4; lastKnownFileType = sourcecode.c.h; path = StateEdge.h; sourceTree = "<group>"; };
		66A71259178EFAFD00F71DC0 /* DrainNodeBehavior.cpp */ = {isa = PBXFileReference; fileEncoding = 4; lastKnownFileType = sourcecode.cpp.cpp; path = DrainNodeBehavior.cpp; sourceTree = "<group>"; };
		66A7125A178EFAFE00F71DC0 /* DrainNodeBehavior.h */ = {isa = PBXFileReference; fileEncoding = 4; lastKnownFileType = sourcecode.c.h; path = DrainNodeBehavior.h; sourceTree = "<group>"; };
		66A7125C178EFB1800F71DC0 /* SourceNodeBehavior.cpp */ = {isa = PBXFileReference; fileEncoding = 4; lastKnownFileType = sourcecode.cpp.cpp; path = SourceNodeBehavior.cpp; sourceTree = "<group>"; };
		66A7125D178EFB1900F71DC0 /* SourceNodeBehavior.h */ = {isa = PBXFileReference; fileEncoding = 4; lastKnownFileType = sourcecode.c.h; path = SourceNodeBehavior.h; sourceTree = "<group>"; };
		66D87C8617955D5800E9022C /* Machine.cpp */ = {isa = PBXFileReference; fileEncoding = 4; lastKnownFileType = sourcecode.cpp.cpp; path = Machine.cpp; sourceTree = "<group>"; };
		66D87C8717955D5800E9022C /* Machine.h */ = {isa = PBXFileReference; fileEncoding = 4; lastKnownFileType = sourcecode.c.h; path = Machine.h; sourceTree = "<group>"; };
		66D87C89179829D700E9022C /* BinExp.cpp */ = {isa = PBXFileReference; fileEncoding = 4; lastKnownFileType = sourcecode.cpp.cpp; path = BinExp.cpp; sourceTree = "<group>"; };
		66D87C8A179829D800E9022C /* BinExp.h */ = {isa = PBXFileReference; fileEncoding = 4; lastKnownFileType = sourcecode.c.h; path = BinExp.h; sourceTree = "<group>"; };
		66D87C9B17992D2700E9022C /* ValExp.cpp */ = {isa = PBXFileReference; fileEncoding = 4; lastKnownFileType = sourcecode.cpp.cpp; path = ValExp.cpp; sourceTree = "<group>"; };
		66D87C9C17992D2B00E9022C /* ValExp.h */ = {isa = PBXFileReference; fileEncoding = 4; lastKnownFileType = sourcecode.c.h; path = ValExp.h; sourceTree = "<group>"; };
		66D87C9E1799426B00E9022C /* UnExp.cpp */ = {isa = PBXFileReference; fileEncoding = 4; lastKnownFileType = sourcecode.cpp.cpp; path = UnExp.cpp; sourceTree = "<group>"; };
		66D87C9F1799426C00E9022C /* UnExp.h */ = {isa = PBXFileReference; fileEncoding = 4; lastKnownFileType = sourcecode.c.h; path = UnExp.h; sourceTree = "<group>"; };
		66D87CAA17998B8600E9022C /* VarExp.cpp */ = {isa = PBXFileReference; fileEncoding = 4; lastKnownFileType = sourcecode.cpp.cpp; path = VarExp.cpp; sourceTree = "<group>"; };
		66D87CAB17998B8700E9022C /* VarExp.h */ = {isa = PBXFileReference; fileEncoding = 4; lastKnownFileType = sourcecode.c.h; path = VarExp.h; sourceTree = "<group>"; };
		66D87CAD17998B9600E9022C /* BooleanValExp.cpp */ = {isa = PBXFileReference; fileEncoding = 4; lastKnownFileType = sourcecode.cpp.cpp; path = BooleanValExp.cpp; sourceTree = "<group>"; };
		66D87CAE17998B9700E9022C /* BooleanValExp.h */ = {isa = PBXFileReference; fileEncoding = 4; lastKnownFileType = sourcecode.c.h; path = BooleanValExp.h; sourceTree = "<group>"; };
		66D87CB017998BDB00E9022C /* NumberValExp.cpp */ = {isa = PBXFileReference; fileEncoding = 4; lastKnownFileType = sourcecode.cpp.cpp; path = NumberValExp.cpp; sourceTree = "<group>"; };
		66D87CB117998BDC00E9022C /* NumberValExp.h */ = {isa = PBXFileReference; fileEncoding = 4; lastKnownFileType = sourcecode.c.h; path = NumberValExp.h; sourceTree = "<group>"; };
		66D87CB317998C1600E9022C /* AllExp.cpp */ = {isa = PBXFileReference; fileEncoding = 4; lastKnownFileType = sourcecode.cpp.cpp; path = AllExp.cpp; sourceTree = "<group>"; };
		66D87CB417998C1700E9022C /* AllExp.h */ = {isa = PBXFileReference; fileEncoding = 4; lastKnownFileType = sourcecode.c.h; path = AllExp.h; sourceTree = "<group>"; };
		66D87CB617998E1600E9022C /* RangeValExp.cpp */ = {isa = PBXFileReference; fileEncoding = 4; lastKnownFileType = sourcecode.cpp.cpp; path = RangeValExp.cpp; sourceTree = "<group>"; };
		66D87CB717998E1800E9022C /* RangeValExp.h */ = {isa = PBXFileReference; fileEncoding = 4; lastKnownFileType = sourcecode.c.h; path = RangeValExp.h; sourceTree = "<group>"; };
		66D87CB9179B1F7000E9022C /* TriggerExp.cpp */ = {isa = PBXFileReference; fileEncoding = 4; lastKnownFileType = sourcecode.cpp.cpp; path = TriggerExp.cpp; sourceTree = "<group>"; };
		66D87CBA179B1F7100E9022C /* TriggerExp.h */ = {isa = PBXFileReference; fileEncoding = 4; lastKnownFileType = sourcecode.c.h; path = TriggerExp.h; sourceTree = "<group>"; };
		66D87CBC179B1F8B00E9022C /* AliasExp.cpp */ = {isa = PBXFileReference; fileEncoding = 4; lastKnownFileType = sourcecode.cpp.cpp; path = AliasExp.cpp; sourceTree = "<group>"; };
		66D87CBD179B1F8D00E9022C /* AliasExp.h */ = {isa = PBXFileReference; fileEncoding = 4; lastKnownFileType = sourcecode.c.h; path = AliasExp.h; sourceTree = "<group>"; };
		66D87CBF179B21EE00E9022C /* OneExp.cpp */ = {isa = PBXFileReference; fileEncoding = 4; lastKnownFileType = sourcecode.cpp.cpp; path = OneExp.cpp; sourceTree = "<group>"; };
		66D87CC0179B21F000E9022C /* OneExp.h */ = {isa = PBXFileReference; fileEncoding = 4; lastKnownFileType = sourcecode.c.h; path = OneExp.h; sourceTree = "<group>"; };
		66D87CC2179B22AF00E9022C /* DieExp.cpp */ = {isa = PBXFileReference; fileEncoding = 4; lastKnownFileType = sourcecode.cpp.cpp; path = DieExp.cpp; sourceTree = "<group>"; };
		66D87CC3179B22B100E9022C /* DieExp.h */ = {isa = PBXFileReference; fileEncoding = 4; lastKnownFileType = sourcecode.c.h; path = DieExp.h; sourceTree = "<group>"; };
		66D87CC5179B247400E9022C /* OverrideExp.cpp */ = {isa = PBXFileReference; fileEncoding = 4; lastKnownFileType = sourcecode.cpp.cpp; path = OverrideExp.cpp; sourceTree = "<group>"; };
		66D87CC6179B247500E9022C /* OverrideExp.h */ = {isa = PBXFileReference; fileEncoding = 4; lastKnownFileType = sourcecode.c.h; path = OverrideExp.h; sourceTree = "<group>"; };
		66D87CC8179BD53500E9022C /* ActiveExp.cpp */ = {isa = PBXFileReference; fileEncoding = 4; lastKnownFileType = sourcecode.cpp.cpp; path = ActiveExp.cpp; sourceTree = "<group>"; };
		66D87CC9179BD53600E9022C /* ActiveExp.h */ = {isa = PBXFileReference; fileEncoding = 4; lastKnownFileType = sourcecode.c.h; path = ActiveExp.h; sourceTree = "<group>"; };
		66D87CCB179C17A400E9022C /* Definition.cpp */ = {isa = PBXFileReference; fileEncoding = 4; lastKnownFileType = sourcecode.cpp.cpp; path = Definition.cpp; sourceTree = "<group>"; };
		66D87CCC179C17A600E9022C /* Definition.h */ = {isa = PBXFileReference; fileEncoding = 4; lastKnownFileType = sourcecode.c.h; path = Definition.h; sourceTree = "<group>"; };
		66DD53F1183EA53500CBF698 /* ConverterNodeBehavior.cpp */ = {isa = PBXFileReference; fileEncoding = 4; lastKnownFileType = sourcecode.cpp.cpp; path = ConverterNodeBehavior.cpp; sourceTree = "<group>"; };
		66DD53F2183EA53500CBF698 /* ConverterNodeBehavior.h */ = {isa = PBXFileReference; fileEncoding = 4; lastKnownFileType = sourcecode.c.h; path = ConverterNodeBehavior.h; sourceTree = "<group>"; };
		66DD53F5183FCC9900CBF698 /* Activation.cpp */ = {isa = PBXFileReference; fileEncoding = 4; lastKnownFileType = sourcecode.cpp.cpp; path = Activation.cpp; sourceTree = "<group>"; };
		66DD53F6183FCC9A00CBF698 /* Activation.h */ = {isa = PBXFileReference; fileEncoding = 4; lastKnownFileType = sourcecode.c.h; path = Activation.h; sourceTree = "<group>"; };
		66DED7B817E3480800852939 /* Map.h */ = {isa = PBXFileReference; fileEncoding = 4; lastKnownFileType = sourcecode.c.h; path = Map.h; sourceTree = "<group>"; };
		66E0732F16E747B000C65EE9 /* mm */ = {isa = PBXFileReference; explicitFileType = "compiled.mach-o.executable"; includeInIndex = 0; path = mm; sourceTree = BUILT_PRODUCTS_DIR; };
		66E0733416E747B000C65EE9 /* mm.1 */ = {isa = PBXFileReference; lastKnownFileType = text.man; path = mm.1; sourceTree = "<group>"; };
		66E751D118043AB8004389C6 /* InterfaceNode.cpp */ = {isa = PBXFileReference; fileEncoding = 4; lastKnownFileType = sourcecode.cpp.cpp; path = InterfaceNode.cpp; sourceTree = "<group>"; };
		66E751D218043AB8004389C6 /* InterfaceNode.h */ = {isa = PBXFileReference; fileEncoding = 4; lastKnownFileType = sourcecode.c.h; path = InterfaceNode.h; sourceTree = "<group>"; };
		66E751D71805D9E9004389C6 /* NodeBehavior.cpp */ = {isa = PBXFileReference; fileEncoding = 4; lastKnownFileType = sourcecode.cpp.cpp; path = NodeBehavior.cpp; sourceTree = "<group>"; };
		66E751D81805D9E9004389C6 /* NodeBehavior.h */ = {isa = PBXFileReference; fileEncoding = 4; lastKnownFileType = sourcecode.c.h; path = NodeBehavior.h; sourceTree = "<group>"; };
		66E751DE180ECB61004389C6 /* Transformation.cpp */ = {isa = PBXFileReference; fileEncoding = 4; lastKnownFileType = sourcecode.cpp.cpp; path = Transformation.cpp; sourceTree = "<group>"; };
		66E751DF180ECB6A004389C6 /* Transformation.h */ = {isa = PBXFileReference; fileEncoding = 4; lastKnownFileType = sourcecode.c.h; path = Transformation.h; sourceTree = "<group>"; };
		66E751E1180ECBDD004389C6 /* Modification.cpp */ = {isa = PBXFileReference; fileEncoding = 4; lastKnownFileType = sourcecode.cpp.cpp; path = Modification.cpp; sourceTree = "<group>"; };
		66E751E2180ECBE7004389C6 /* Modification.h */ = {isa = PBXFileReference; fileEncoding = 4; lastKnownFileType = sourcecode.c.h; path = Modification.h; sourceTree = "<group>"; };
		66F86F3517A6AC280035874C /* mm.lpp */ = {isa = PBXFileReference; fileEncoding = 4; lastKnownFileType = sourcecode.lex; path = mm.lpp; sourceTree = "<group>"; };
		66F86F3617A6AC280035874C /* mm.ypp */ = {isa = PBXFileReference; fileEncoding = 4; lastKnownFileType = sourcecode.yacc; path = mm.ypp; sourceTree = "<group>"; };
		66F86F3A17A6B02C0035874C /* YYLTYPE.h */ = {isa = PBXFileReference; lastKnownFileType = sourcecode.c.h; path = YYLTYPE.h; sourceTree = "<group>"; };
		66F86F3D17A70A000035874C /* Assertion.cpp */ = {isa = PBXFileReference; fileEncoding = 4; lastKnownFileType = sourcecode.cpp.cpp; path = Assertion.cpp; sourceTree = "<group>"; };
		66F86F3E17A70A000035874C /* Assertion.h */ = {isa = PBXFileReference; fileEncoding = 4; lastKnownFileType = sourcecode.c.h; path = Assertion.h; sourceTree = "<group>"; };
		66F86F4017AAAA210035874C /* Recyclable.cpp */ = {isa = PBXFileReference; fileEncoding = 4; lastKnownFileType = sourcecode.cpp.cpp; path = Recyclable.cpp; sourceTree = "<group>"; };
		66F86F4117AAAA220035874C /* Recyclable.h */ = {isa = PBXFileReference; fileEncoding = 4; lastKnownFileType = sourcecode.c.h; path = Recyclable.h; sourceTree = "<group>"; };
		66F86F4317AAAC390035874C /* Recycler.cpp */ = {isa = PBXFileReference; fileEncoding = 4; lastKnownFileType = sourcecode.cpp.cpp; path = Recycler.cpp; sourceTree = "<group>"; };
		66F86F4417AAAC3A0035874C /* Recycler.h */ = {isa = PBXFileReference; fileEncoding = 4; lastKnownFileType = sourcecode.c.h; path = Recycler.h; sourceTree = "<group>"; };
		66FB84F917A415D5005F2392 /* Location.cpp */ = {isa = PBXFileReference; fileEncoding = 4; lastKnownFileType = sourcecode.cpp.cpp; path = Location.cpp; sourceTree = "<group>"; };
		66FB84FA17A415D6005F2392 /* Location.h */ = {isa = PBXFileReference; fileEncoding = 4; lastKnownFileType = sourcecode.c.h; path = Location.h; sourceTree = "<group>"; };
		66FB84FC17A44199005F2392 /* Operator.cpp */ = {isa = PBXFileReference; fileEncoding = 4; lastKnownFileType = sourcecode.cpp.cpp; path = Operator.cpp; sourceTree = "<group>"; };
		66FB84FD17A4419A005F2392 /* Operator.h */ = {isa = PBXFileReference; fileEncoding = 4; lastKnownFileType = sourcecode.c.h; path = Operator.h; sourceTree = "<group>"; };
		66FB84FF17A445E1005F2392 /* Name.cpp */ = {isa = PBXFileReference; fileEncoding = 4; lastKnownFileType = sourcecode.cpp.cpp; path = Name.cpp; sourceTree = "<group>"; };
		66FB850017A445E2005F2392 /* Name.h */ = {isa = PBXFileReference; fileEncoding = 4; lastKnownFileType = sourcecode.c.h; path = Name.h; sourceTree = "<group>"; };
		66FB850217A48466005F2392 /* RefNodeBehavior.cpp */ = {isa = PBXFileReference; fileEncoding = 4; lastKnownFileType = sourcecode.cpp.cpp; path = RefNodeBehavior.cpp; sourceTree = "<group>"; };
		66FB850317A48469005F2392 /* RefNodeBehavior.h */ = {isa = PBXFileReference; fileEncoding = 4; lastKnownFileType = sourcecode.c.h; path = RefNodeBehavior.h; sourceTree = "<group>"; };
/* End PBXFileReference section */

/* Begin PBXFrameworksBuildPhase section */
		66E0732C16E747B000C65EE9 /* Frameworks */ = {
			isa = PBXFrameworksBuildPhase;
			buildActionMask = 2147483647;
			files = (
			);
			runOnlyForDeploymentPostprocessing = 0;
		};
/* End PBXFrameworksBuildPhase section */

/* Begin PBXGroup section */
		66E0732616E747B000C65EE9 = {
			isa = PBXGroup;
			children = (
				6690CC11189BA56200193E32 /* tribbles */,
				6690CC0B189932AD00193E32 /* test_converter */,
				6690CC0A1899321500193E32 /* test_self */,
				6690CC03188C2AE000193E32 /* test3 */,
				6690CC10189B927300193E32 /* adaptower */,
				6690CC0F189A9C3F00193E32 /* test_instance */,
				66E0733116E747B000C65EE9 /* mm */,
				66E0733016E747B000C65EE9 /* Products */,
			);
			sourceTree = "<group>";
		};
		66E0733016E747B000C65EE9 /* Products */ = {
			isa = PBXGroup;
			children = (
				66E0732F16E747B000C65EE9 /* mm */,
			);
			name = Products;
			sourceTree = "<group>";
		};
		66E0733116E747B000C65EE9 /* mm */ = {
			isa = PBXGroup;
			children = (
				66E751D41805BADB004389C6 /* base */,
				66E751D51805BD61004389C6 /* parser */,
				66E751D61805BD81004389C6 /* model */,
				66E0733416E747B000C65EE9 /* mm.1 */,
				6690F73317F06979001EDFC8 /* mm.h */,
				66D87C8717955D5800E9022C /* Machine.h */,
				66D87C8617955D5800E9022C /* Machine.cpp */,
				6638124317F4745000F540BA /* Evaluator.h */,
				6638124217F4744D00F540BA /* Evaluator.cpp */,
				6638125E17F8848000F540BA /* Reflector.h */,
				6638125D17F8847B00F540BA /* Reflector.cpp */,
			);
			path = mm;
			sourceTree = "<group>";
		};
		66E751D41805BADB004389C6 /* base */ = {
			isa = PBXGroup;
			children = (
				66A38A3317EA021D006055FA /* Vector.h */,
				66A71248178DDE4700F71DC0 /* String.h */,
				66A71247178DDE4700F71DC0 /* String.cpp */,
				66FB84FA17A415D6005F2392 /* Location.h */,
				66FB84F917A415D5005F2392 /* Location.cpp */,
				66DED7B817E3480800852939 /* Map.h */,
				66A71243178DA93A00F71DC0 /* Types.h */,
				66F86F4417AAAC3A0035874C /* Recycler.h */,
				66F86F4317AAAC390035874C /* Recycler.cpp */,
				66F86F4117AAAA220035874C /* Recyclable.h */,
				66F86F4017AAAA210035874C /* Recyclable.cpp */,
				6638123E17F4583500F540BA /* Observer.h */,
				6638123D17F4583200F540BA /* Observer.cpp */,
				6638123B17F4577500F540BA /* Observable.h */,
				6638123A17F4577200F540BA /* Observable.cpp */,
			);
			name = base;
			sourceTree = "<group>";
		};
		66E751D51805BD61004389C6 /* parser */ = {
			isa = PBXGroup;
			children = (
				66F86F3517A6AC280035874C /* mm.lpp */,
				66F86F3617A6AC280035874C /* mm.ypp */,
				66F86F3A17A6B02C0035874C /* YYLTYPE.h */,
			);
			name = parser;
			sourceTree = "<group>";
		};
		66E751D61805BD81004389C6 /* model */ = {
			isa = PBXGroup;
			children = (
				6612C418180ECDD2004B715A /* Program.h */,
				6612C417180ECDD2004B715A /* Program.cpp */,
				66E751DF180ECB6A004389C6 /* Transformation.h */,
				66E751DE180ECB61004389C6 /* Transformation.cpp */,
				66E751E2180ECBE7004389C6 /* Modification.h */,
				66E751E1180ECBDD004389C6 /* Modification.cpp */,
				66A71235178D8F6A00F71DC0 /* Transition.h */,
				66A71234178D8F6A00F71DC0 /* Transition.cpp */,
				66FB850017A445E2005F2392 /* Name.h */,
				66FB84FF17A445E1005F2392 /* Name.cpp */,
				66A7124B178EADB700F71DC0 /* Exp.h */,
				66A7124A178EADB600F71DC0 /* Exp.cpp */,
				66D87CBA179B1F7100E9022C /* TriggerExp.h */,
				66D87CB9179B1F7000E9022C /* TriggerExp.cpp */,
				66D87CBD179B1F8D00E9022C /* AliasExp.h */,
				66D87CBC179B1F8B00E9022C /* AliasExp.cpp */,
				66D87CC9179BD53600E9022C /* ActiveExp.h */,
				66D87CC8179BD53500E9022C /* ActiveExp.cpp */,
				66D87CC3179B22B100E9022C /* DieExp.h */,
				66D87CC2179B22AF00E9022C /* DieExp.cpp */,
				66D87CC6179B247500E9022C /* OverrideExp.h */,
				66D87CC5179B247400E9022C /* OverrideExp.cpp */,
				66D87CAB17998B8700E9022C /* VarExp.h */,
				66D87CAA17998B8600E9022C /* VarExp.cpp */,
				66D87CB417998C1700E9022C /* AllExp.h */,
				66D87CB317998C1600E9022C /* AllExp.cpp */,
				66D87C8A179829D800E9022C /* BinExp.h */,
				66D87C89179829D700E9022C /* BinExp.cpp */,
				66D87C9F1799426C00E9022C /* UnExp.h */,
				66D87C9E1799426B00E9022C /* UnExp.cpp */,
				66D87C9C17992D2B00E9022C /* ValExp.h */,
				66D87C9B17992D2700E9022C /* ValExp.cpp */,
				66D87CC0179B21F000E9022C /* OneExp.h */,
				66D87CBF179B21EE00E9022C /* OneExp.cpp */,
				66D87CAE17998B9700E9022C /* BooleanValExp.h */,
				66D87CAD17998B9600E9022C /* BooleanValExp.cpp */,
				66D87CB117998BDC00E9022C /* NumberValExp.h */,
				66D87CB017998BDB00E9022C /* NumberValExp.cpp */,
				66D87CB717998E1800E9022C /* RangeValExp.h */,
				66D87CB617998E1600E9022C /* RangeValExp.cpp */,
				66FB84FD17A4419A005F2392 /* Operator.h */,
				66FB84FC17A44199005F2392 /* Operator.cpp */,
				6692E47517E092C00017C9A7 /* Instance.h */,
				6692E47417E092BF0017C9A7 /* Instance.cpp */,
				66A7122F178D848300F71DC0 /* Element.h */,
				66A7122E178D848300F71DC0 /* Element.cpp */,
				66D87CCC179C17A600E9022C /* Definition.h */,
				66D87CCB179C17A400E9022C /* Definition.cpp */,
				66A16C7B179E80FA00E81D49 /* Declaration.h */,
				66A16C7A179E80FA00E81D49 /* Declaration.cpp */,
				66F86F3E17A70A000035874C /* Assertion.h */,
				66F86F3D17A70A000035874C /* Assertion.cpp */,
				6638126117F8889300F540BA /* Deletion.h */,
				6638126017F8889100F540BA /* Deletion.cpp */,
				66DD53F6183FCC9A00CBF698 /* Activation.h */,
				66DD53F5183FCC9900CBF698 /* Activation.cpp */,
				6612C41B180ED9FE004B715A /* Signal.h */,
				6612C41A180ED9FD004B715A /* Signal.cpp */,
				6690CC0D189A63CE00193E32 /* FlowEvent.h */,
				6690CC0C189A63CA00193E32 /* FlowEvent.cpp */,
				66A71229178D65DB00F71DC0 /* Edge.h */,
				66A71228178D65DB00F71DC0 /* Edge.cpp */,
				66A71254178EF92F00F71DC0 /* FlowEdge.h */,
				66A71253178EF92F00F71DC0 /* FlowEdge.cpp */,
				66A71257178EFA3A00F71DC0 /* StateEdge.h */,
				66A71256178EFA3900F71DC0 /* StateEdge.cpp */,
				66A7122C178D73B800F71DC0 /* Node.h */,
				66A7122B178D73B800F71DC0 /* Node.cpp */,
				66E751D218043AB8004389C6 /* InterfaceNode.h */,
				66E751D118043AB8004389C6 /* InterfaceNode.cpp */,
				6690CC081896BCC000193E32 /* NodeWorkItem.h */,
				6690CC071896BCBF00193E32 /* NodeWorkItem.cpp */,
				66E751D81805D9E9004389C6 /* NodeBehavior.h */,
				66E751D71805D9E9004389C6 /* NodeBehavior.cpp */,
				66A71226178D5CC400F71DC0 /* PoolNodeBehavior.h */,
				66A71225178D5CC400F71DC0 /* PoolNodeBehavior.cpp */,
				66A7125A178EFAFE00F71DC0 /* DrainNodeBehavior.h */,
				66A71259178EFAFD00F71DC0 /* DrainNodeBehavior.cpp */,
				66A7125D178EFB1900F71DC0 /* SourceNodeBehavior.h */,
				66A7125C178EFB1800F71DC0 /* SourceNodeBehavior.cpp */,
				66FB850317A48469005F2392 /* RefNodeBehavior.h */,
				66FB850217A48466005F2392 /* RefNodeBehavior.cpp */,
				6612C41E180F2E17004B715A /* GateNodeBehavior.h */,
				6612C41D180F2E15004B715A /* GateNodeBehavior.cpp */,
				66DD53F2183EA53500CBF698 /* ConverterNodeBehavior.h */,
				66DD53F1183EA53500CBF698 /* ConverterNodeBehavior.cpp */,
			);
			name = model;
			sourceTree = "<group>";
		};
/* End PBXGroup section */

/* Begin PBXNativeTarget section */
		66E0732E16E747B000C65EE9 /* mm */ = {
			isa = PBXNativeTarget;
			buildConfigurationList = 66E0733816E747B000C65EE9 /* Build configuration list for PBXNativeTarget "mm" */;
			buildPhases = (
				66E0732B16E747B000C65EE9 /* Sources */,
				66E0732C16E747B000C65EE9 /* Frameworks */,
				66E0732D16E747B000C65EE9 /* CopyFiles */,
			);
			buildRules = (
			);
			dependencies = (
			);
			name = mm;
			productName = mm;
			productReference = 66E0732F16E747B000C65EE9 /* mm */;
			productType = "com.apple.product-type.tool";
		};
/* End PBXNativeTarget section */

/* Begin PBXProject section */
		66E0732716E747B000C65EE9 /* Project object */ = {
			isa = PBXProject;
			attributes = {
				LastUpgradeCheck = 0460;
				ORGANIZATIONNAME = "Riemer van Rozen";
			};
			buildConfigurationList = 66E0732A16E747B000C65EE9 /* Build configuration list for PBXProject "mm" */;
			compatibilityVersion = "Xcode 3.2";
			developmentRegion = English;
			hasScannedForEncodings = 0;
			knownRegions = (
				en,
			);
			mainGroup = 66E0732616E747B000C65EE9;
			productRefGroup = 66E0733016E747B000C65EE9 /* Products */;
			projectDirPath = "";
			projectRoot = "";
			targets = (
				66E0732E16E747B000C65EE9 /* mm */,
			);
		};
/* End PBXProject section */

/* Begin PBXSourcesBuildPhase section */
		66E0732B16E747B000C65EE9 /* Sources */ = {
			isa = PBXSourcesBuildPhase;
			buildActionMask = 2147483647;
			files = (
				66F86F3717A6AC280035874C /* mm.lpp in Sources */,
				66A71227178D5CC400F71DC0 /* PoolNodeBehavior.cpp in Sources */,
				66A7122A178D65DB00F71DC0 /* Edge.cpp in Sources */,
				66A7122D178D73B800F71DC0 /* Node.cpp in Sources */,
				66A71230178D848400F71DC0 /* Element.cpp in Sources */,
				66A71236178D8F6A00F71DC0 /* Transition.cpp in Sources */,
				66A71249178DDE4700F71DC0 /* String.cpp in Sources */,
				66A7124C178EADB700F71DC0 /* Exp.cpp in Sources */,
				66A71255178EF92F00F71DC0 /* FlowEdge.cpp in Sources */,
				66A71258178EFA3A00F71DC0 /* StateEdge.cpp in Sources */,
				66A7125B178EFAFE00F71DC0 /* DrainNodeBehavior.cpp in Sources */,
				66A7125E178EFB1900F71DC0 /* SourceNodeBehavior.cpp in Sources */,
				66D87C8817955D5900E9022C /* Machine.cpp in Sources */,
				66D87C8B179829D800E9022C /* BinExp.cpp in Sources */,
				66D87C9D17992D3600E9022C /* ValExp.cpp in Sources */,
				66D87CA01799426D00E9022C /* UnExp.cpp in Sources */,
				66D87CAC17998B8800E9022C /* VarExp.cpp in Sources */,
				66D87CAF17998B9700E9022C /* BooleanValExp.cpp in Sources */,
				66D87CB217998BDD00E9022C /* NumberValExp.cpp in Sources */,
				66D87CB517998C1800E9022C /* AllExp.cpp in Sources */,
				66D87CB817998E1900E9022C /* RangeValExp.cpp in Sources */,
				66D87CBB179B1F7200E9022C /* TriggerExp.cpp in Sources */,
				66D87CBE179B1F8E00E9022C /* AliasExp.cpp in Sources */,
				66D87CC1179B21F200E9022C /* OneExp.cpp in Sources */,
				66D87CC4179B22B200E9022C /* DieExp.cpp in Sources */,
				66D87CC7179B247600E9022C /* OverrideExp.cpp in Sources */,
				66D87CCA179BD53800E9022C /* ActiveExp.cpp in Sources */,
				66D87CCD179C17A700E9022C /* Definition.cpp in Sources */,
				66A16C7C179E80FA00E81D49 /* Declaration.cpp in Sources */,
				66FB84FB17A415D6005F2392 /* Location.cpp in Sources */,
				66FB84FE17A4419B005F2392 /* Operator.cpp in Sources */,
				66FB850117A445E4005F2392 /* Name.cpp in Sources */,
				66FB850417A48471005F2392 /* RefNodeBehavior.cpp in Sources */,
				66F86F3917A6AEE60035874C /* mm.ypp in Sources */,
				66F86F3F17A70A010035874C /* Assertion.cpp in Sources */,
				66F86F4217AAAA230035874C /* Recyclable.cpp in Sources */,
				66F86F4517AAAC3B0035874C /* Recycler.cpp in Sources */,
				6692E47617E092C00017C9A7 /* Instance.cpp in Sources */,
				6638123C17F4577800F540BA /* Observable.cpp in Sources */,
				6638123F17F4583800F540BA /* Observer.cpp in Sources */,
				6638124417F4745400F540BA /* Evaluator.cpp in Sources */,
				6638125F17F8848400F540BA /* Reflector.cpp in Sources */,
				6638126217F8889700F540BA /* Deletion.cpp in Sources */,
				66E751D318043AB8004389C6 /* InterfaceNode.cpp in Sources */,
				66E751D91805D9E9004389C6 /* NodeBehavior.cpp in Sources */,
				66E751E0180ECB7C004389C6 /* Transformation.cpp in Sources */,
				66E751E3180ECBF6004389C6 /* Modification.cpp in Sources */,
				6612C419180ECDD2004B715A /* Program.cpp in Sources */,
				6612C41C180ED9FF004B715A /* Signal.cpp in Sources */,
				6612C41F180F2E1A004B715A /* GateNodeBehavior.cpp in Sources */,
				66DD53F3183EA53600CBF698 /* ConverterNodeBehavior.cpp in Sources */,
				66DD53F7183FCC9B00CBF698 /* Activation.cpp in Sources */,
				6690CC091896BCC200193E32 /* NodeWorkItem.cpp in Sources */,
				6690CC0E189A63D200193E32 /* FlowEvent.cpp in Sources */,
			);
			runOnlyForDeploymentPostprocessing = 0;
		};
/* End PBXSourcesBuildPhase section */

/* Begin XCBuildConfiguration section */
		66E0733616E747B000C65EE9 /* Debug */ = {
			isa = XCBuildConfiguration;
			buildSettings = {
				ALWAYS_SEARCH_USER_PATHS = NO;
				ARCHS = "$(ARCHS_STANDARD_64_BIT)";
				CLANG_CXX_LANGUAGE_STANDARD = "gnu++0x";
				CLANG_CXX_LIBRARY = "libc++";
				CLANG_ENABLE_OBJC_ARC = NO;
				CLANG_WARN_CONSTANT_CONVERSION = YES;
				CLANG_WARN_EMPTY_BODY = YES;
				CLANG_WARN_ENUM_CONVERSION = YES;
				CLANG_WARN_INT_CONVERSION = YES;
				CLANG_WARN__DUPLICATE_METHOD_MATCH = YES;
				COPY_PHASE_STRIP = NO;
				GCC_C_LANGUAGE_STANDARD = gnu99;
				GCC_DYNAMIC_NO_PIC = NO;
				GCC_ENABLE_OBJC_EXCEPTIONS = NO;
				GCC_OPTIMIZATION_LEVEL = 0;
				GCC_PREPROCESSOR_DEFINITIONS = (
					"DEBUG=1",
					"$(inherited)",
				);
				GCC_SYMBOLS_PRIVATE_EXTERN = NO;
				GCC_WARN_64_TO_32_BIT_CONVERSION = YES;
				GCC_WARN_ABOUT_RETURN_TYPE = YES;
				GCC_WARN_UNINITIALIZED_AUTOS = YES;
				GCC_WARN_UNUSED_VARIABLE = YES;
				MACOSX_DEPLOYMENT_TARGET = 10.7;
				ONLY_ACTIVE_ARCH = YES;
				SDKROOT = macosx;
			};
			name = Debug;
		};
		66E0733716E747B000C65EE9 /* Release */ = {
			isa = XCBuildConfiguration;
			buildSettings = {
				ALWAYS_SEARCH_USER_PATHS = NO;
				ARCHS = "$(ARCHS_STANDARD_64_BIT)";
				CLANG_CXX_LANGUAGE_STANDARD = "gnu++0x";
				CLANG_CXX_LIBRARY = "libc++";
				CLANG_ENABLE_OBJC_ARC = NO;
				CLANG_WARN_CONSTANT_CONVERSION = YES;
				CLANG_WARN_EMPTY_BODY = YES;
				CLANG_WARN_ENUM_CONVERSION = YES;
				CLANG_WARN_INT_CONVERSION = YES;
				CLANG_WARN__DUPLICATE_METHOD_MATCH = YES;
				COPY_PHASE_STRIP = YES;
				DEBUG_INFORMATION_FORMAT = "dwarf-with-dsym";
				GCC_C_LANGUAGE_STANDARD = gnu99;
				GCC_ENABLE_OBJC_EXCEPTIONS = NO;
				GCC_WARN_64_TO_32_BIT_CONVERSION = YES;
				GCC_WARN_ABOUT_RETURN_TYPE = YES;
				GCC_WARN_UNINITIALIZED_AUTOS = YES;
				GCC_WARN_UNUSED_VARIABLE = YES;
				MACOSX_DEPLOYMENT_TARGET = 10.7;
				SDKROOT = macosx;
			};
			name = Release;
		};
		66E0733916E747B000C65EE9 /* Debug */ = {
			isa = XCBuildConfiguration;
			buildSettings = {
				PRODUCT_NAME = "$(TARGET_NAME)";
			};
			name = Debug;
		};
		66E0733A16E747B000C65EE9 /* Release */ = {
			isa = XCBuildConfiguration;
			buildSettings = {
				PRODUCT_NAME = "$(TARGET_NAME)";
			};
			name = Release;
		};
/* End XCBuildConfiguration section */

/* Begin XCConfigurationList section */
		66E0732A16E747B000C65EE9 /* Build configuration list for PBXProject "mm" */ = {
			isa = XCConfigurationList;
			buildConfigurations = (
				66E0733616E747B000C65EE9 /* Debug */,
				66E0733716E747B000C65EE9 /* Release */,
			);
			defaultConfigurationIsVisible = 0;
			defaultConfigurationName = Release;
		};
		66E0733816E747B000C65EE9 /* Build configuration list for PBXNativeTarget "mm" */ = {
			isa = XCConfigurationList;
			buildConfigurations = (
				66E0733916E747B000C65EE9 /* Debug */,
				66E0733A16E747B000C65EE9 /* Release */,
			);
			defaultConfigurationIsVisible = 0;
			defaultConfigurationName = Release;
		};
/* End XCConfigurationList section */
	};
	rootObject = 66E0732716E747B000C65EE9 /* Project object */;
}
